{
  "version": 4,
  "terraform_version": "1.5.3",
  "serial": 29,
  "lineage": "901ad1e4-898b-96ea-9ecd-d070172ad0e4",
  "outputs": {
    "love_laugh_live_ngwaf": {
      "value": "  #### Click the URL to go to the service ####\n  https://cfg.fastly.com/ZdTPWyc8SJyYiwZ42oza24\n  #### Send a test request with curl. ####\n  curl -i \"https://coolestcars-blog.global.ssl.fastly.net/anything/whydopirates?likeurls=theargs\" -d foo=bar\n  #### Send an test as cmd exe request with curl. ####\n  curl -i \"https://coolestcars-blog.global.ssl.fastly.net/anything/myattackreq?i=../../../../etc/passwd'\" -d foo=bar\n  #### Troubleshoot the logging configuration if necessary. ####\n  curl https://api.fastly.com/service/ZdTPWyc8SJyYiwZ42oza24/logging_status -H fastly-key:$FASTLY_API_KEY\n",
      "type": "string"
    }
  },
  "resources": [
    {
      "mode": "managed",
      "type": "fastly_service_dictionary_items",
      "name": "edge_security_dictionary_items",
      "provider": "provider[\"registry.terraform.io/fastly/fastly\"]",
      "instances": [
        {
          "index_key": "Edge_Security",
          "schema_version": 0,
          "attributes": {
            "dictionary_id": "pZB6d1z3GgxzxGGdCPEeQ6",
            "id": "ZdTPWyc8SJyYiwZ42oza24/pZB6d1z3GgxzxGGdCPEeQ6",
            "items": {
              "DYNAMIC_BACKEND_TOKEN": "09mmkp3dczeCKLXLyHhuAS4-rpsz53GkHbWezK3cUas=",
              "Enabled": "100"
            },
            "manage_items": false,
            "service_id": "ZdTPWyc8SJyYiwZ42oza24"
          },
          "sensitive_attributes": [],
          "private": "bnVsbA==",
          "dependencies": [
            "fastly_service_vcl.frontend-vcl-service"
          ]
        }
      ]
    },
    {
      "mode": "managed",
      "type": "fastly_service_dynamic_snippet_content",
      "name": "ngwaf_config_deliver",
      "provider": "provider[\"registry.terraform.io/fastly/fastly\"]",
      "instances": [
        {
          "index_key": "ngwaf_config_deliver",
          "schema_version": 0,
          "attributes": {
            "content": "\n# DO NOT EDIT OR COPY - this dynamic snippet is managed by fastly\n\n# stash response headers in request so they can be used in logging when using shielding\nset req.http.x-sigsci-agentresponse = resp.http.x-sigsci-agentresponse;\nset req.http.x-sigsci-decision-ms = resp.http.x-sigsci-decision-ms;\nset req.http.x-sigsci-tags = resp.http.x-sigsci-tags;\n\nif(fastly.ff.visits_this_service == 0){\n\t# remove response headers to not send to client\n\tunset resp.http.x-sigsci-tags;\n\tunset resp.http.x-sigsci-decision-ms;\n\tunset resp.http.x-sigsci-agentresponse;\n}\n\n# remove request headers if the request is already cached so as to not log headers\nif(!fastly_info.state ~ \"MISS|PASS\"){\n\tunset resp.http.x-sigsci-agentresponse;\n\tunset resp.http.x-sigsci-decision-ms;\n\tunset resp.http.x-sigsci-tags;\n}\n",
            "id": "ZdTPWyc8SJyYiwZ42oza24/fzUSbF9njHi0vmdRGDq0j2",
            "manage_snippets": false,
            "service_id": "ZdTPWyc8SJyYiwZ42oza24",
            "snippet_id": "fzUSbF9njHi0vmdRGDq0j2"
          },
          "sensitive_attributes": [],
          "private": "bnVsbA==",
          "dependencies": [
            "fastly_service_vcl.frontend-vcl-service"
          ]
        }
      ]
    },
    {
      "mode": "managed",
      "type": "fastly_service_dynamic_snippet_content",
      "name": "ngwaf_config_init",
      "provider": "provider[\"registry.terraform.io/fastly/fastly\"]",
      "instances": [
        {
          "index_key": "ngwaf_config_init",
          "schema_version": 0,
          "attributes": {
            "content": "\n# DO NOT EDIT OR COPY - this dynamic snippet is managed by fastly\nbackend F_sigsci_waf {\n\t.always_use_host_header = true;\n\t.between_bytes_timeout = 60s; # real timeouts are in waf\n\t.connect_timeout = 1s;\n\t.dynamic = true;\n\t.first_byte_timeout = 600s; # real timeouts are in waf\n\t.host = \"se--ricky-austin--64c011f52dffec63d8597614.edgecompute.app\";\n\t.host_header = \"se--ricky-austin--64c011f52dffec63d8597614.edgecompute.app\";\n\t.max_connections = 200;\n\t.port = \"443\";\n\t.share_key = \"ZdTPWyc8SJyYiwZ42oza24\";\n\t.ssl = true;\n\t.ssl_cert_hostname = \"se--ricky-austin--64c011f52dffec63d8597614.edgecompute.app\";\n\t.ssl_check_cert = always;\n\t.ssl_sni_hostname = \"se--ricky-austin--64c011f52dffec63d8597614.edgecompute.app\";\n\t.probe = {\n\t\t.dummy = false; # this is a real healthcheck for fail open\n\t\t.initial = 1;\n\t\t.interval = 12s;\n\t\t.request = \"HEAD / HTTP/1.1\" \"Host: se--ricky-austin--64c011f52dffec63d8597614.edgecompute.app\" \"Connection: close\" \"x-sigsci-backend: health check\" \"x-sigsci-host: host health check\";\n\t\t.expected_response = 200;\n\t\t.threshold = 1;\n\t\t.timeout = 2s;\n\t\t.window = 5;\n\t}\n}\n\nsub edge_security {\n\tif (!req.backend.is_origin) {\n\t\treturn;\n\t}\n\n\tif (!backend.F_sigsci_waf.healthy) {\n\t\tset bereq.http.x-sigsci-no-inspection = \"unhealthy_waf\";\n\t}\n\tif (!req.backend.healthy) {\n\t\tset bereq.http.x-sigsci-no-inspection = \"unhealthy_req.backend\";\n\t}\n\n\tif (bereq.http.x-sigsci-no-inspection) {\n\t\tcall unset_preinspection_vars;\n\t\treturn;\n\t}\n\n\tif (!waf.executed) {\n\t\tset bereq.http.x-fastly-ngwaf:backend = regsub(req.backend, \"^[a-zA-Z0-9]+--(?:F_)?\", \"\");\n\t\tset bereq.http.x-fastly-ngwaf:backend-info = req.backend.connect_info;\n\t\tif (std.strlen(bereq.http.x-fastly-ngwaf:backend-info) == 0) {\n\t\t\tcall unset_preinspection_vars;\n\t\t\treturn;\n\t\t}\n\t\t\n\t\tset bereq.http.x-fastly-ngwaf:dynamic-backend-token = table.lookup(Edge_Security, \"DYNAMIC_BACKEND_TOKEN\", \"notoken\");\n\t\tset bereq.http.x-fastly-ngwaf:host = bereq.http.host;\n\t\tif (!bereq.http.x-fastly-ngwaf:ip-address) {\n\t\t\tset bereq.http.x-fastly-ngwaf:ip-address = req.http.fastly-client-ip;\n\t\t}\n\t\tset bereq.http.x-fastly-ngwaf:serviceid = req.service_id;\n\t\tset bereq.http.x-fastly-ngwaf:edgemodule = \"vcl 2.6.3;backendtoken\";\n\t\tset req.backend = F_sigsci_waf;\n\t\tset waf.executed = true;\n\t}\n}\n\nsub unset_preinspection_vars {\n\tunset bereq.http.x-fastly-ngwaf:backend-info;\n\tunset bereq.http.x-fastly-ngwaf:backend;\n\tunset bereq.http.x-fastly-ngwaf:bot-data;\n\tunset bereq.http.x-sigsci-no-inspection;\n\tunset bereq.http.x-fastly-ngwaf:protocol;\n\tunset bereq.http.x-fastly-ngwaf:requestid;\n\tunset bereq.http.x-fastly-ngwaf:scheme;\n\tunset bereq.http.x-fastly-ngwaf:tlscipher;\n\tunset bereq.http.x-fastly-ngwaf:tlsprotocol;\n}\n\nsub vcl_recv {\n\tif (req.restarts == 0) {\n\t\tif (fastly.ff.visits_this_service == 0) {\n\t\t\t# if the Enabled key is absent then default to Enabled=0%\n\t\t\tif ( !randombool(std.atoi(table.lookup(Edge_Security, \"Enabled\", \"0\")), 100) ) {\n\t\t\t\tset req.http.x-sigsci-no-inspection = \"disabled\";\n\t\t\t} else {\n\t\t\t\tif (table.contains(enabled_products, \"origin_inspector\")) {\n\t\t\t\t\tset req.http.fastly-origin-inspector = \"true\";\n\t\t\t\t} else {\n\t\t\t\t\tunset req.http.fastly-origin-inspector;\n\t\t\t\t}\n\t\t\t\tunset req.http.x-sigsci-no-inspection;\n\t\t\t\tset req.http.fastly-client-ip = client.ip;\n\t\t\t\tset req.http.x-fastly-ngwaf:protocol = req.proto;\n\t\t\t\tset req.http.x-fastly-ngwaf:requestid = fastly_info.request_id;\n\t\t\t\tset req.http.x-fastly-ngwaf:scheme = req.protocol;\n\t\t\t\tset req.http.x-fastly-ngwaf:tlscipher = tls.client.cipher;\n\t\t\t\tset req.http.x-fastly-ngwaf:tlsprotocol = tls.client.protocol;\n\t\t\t\tset req.http.x-fastly-ngwaf:bot-data = {\"{\"}\n\t\t\t\t\t{\"\"c\":\"\"} tls.client.ciphers_list {\"\",\"}\n\t\t\t\t\t{\"\"e\":\"\"} tls.client.tlsexts_list {\"\",\"}\n\t\t\t\t\t{\"\"h\":\"\"} fastly_info.h2.fingerprint {\"\",\"}\n\t\t\t\t\t{\"\"j\":\"\"} tls.client.ja3_md5 {\"\"\"}\n\t\t\t\t{\"}\"};\n\t\t\t}\n\t\t}\n\n\t\tunset req.http.x-fastly-ngwaf:ip-address;\n\t}\n}\n",
            "id": "ZdTPWyc8SJyYiwZ42oza24/tTMp1VC5oJIMLt9xfFTWu6",
            "manage_snippets": false,
            "service_id": "ZdTPWyc8SJyYiwZ42oza24",
            "snippet_id": "tTMp1VC5oJIMLt9xfFTWu6"
          },
          "sensitive_attributes": [],
          "private": "bnVsbA==",
          "dependencies": [
            "fastly_service_vcl.frontend-vcl-service"
          ]
        }
      ]
    },
    {
      "mode": "managed",
      "type": "fastly_service_dynamic_snippet_content",
      "name": "ngwaf_config_miss",
      "provider": "provider[\"registry.terraform.io/fastly/fastly\"]",
      "instances": [
        {
          "index_key": "ngwaf_config_miss",
          "schema_version": 0,
          "attributes": {
            "content": "\n# DO NOT EDIT OR COPY - this dynamic snippet is managed by fastly\n\tcall edge_security;\n",
            "id": "ZdTPWyc8SJyYiwZ42oza24/kWRdwcSS2xotMJa01qPw62",
            "manage_snippets": false,
            "service_id": "ZdTPWyc8SJyYiwZ42oza24",
            "snippet_id": "kWRdwcSS2xotMJa01qPw62"
          },
          "sensitive_attributes": [],
          "private": "bnVsbA==",
          "dependencies": [
            "fastly_service_vcl.frontend-vcl-service"
          ]
        }
      ]
    },
    {
      "mode": "managed",
      "type": "fastly_service_dynamic_snippet_content",
      "name": "ngwaf_config_pass",
      "provider": "provider[\"registry.terraform.io/fastly/fastly\"]",
      "instances": [
        {
          "index_key": "ngwaf_config_pass",
          "schema_version": 0,
          "attributes": {
            "content": "\n# DO NOT EDIT OR COPY - this dynamic snippet is managed by fastly\n\tcall edge_security;\n",
            "id": "ZdTPWyc8SJyYiwZ42oza24/yvhScwoa6VUbJddzIr33l2",
            "manage_snippets": false,
            "service_id": "ZdTPWyc8SJyYiwZ42oza24",
            "snippet_id": "yvhScwoa6VUbJddzIr33l2"
          },
          "sensitive_attributes": [],
          "private": "bnVsbA==",
          "dependencies": [
            "fastly_service_vcl.frontend-vcl-service"
          ]
        }
      ]
    },
    {
      "mode": "managed",
      "type": "fastly_service_vcl",
      "name": "frontend-vcl-service",
      "provider": "provider[\"registry.terraform.io/fastly/fastly\"]",
      "instances": [
        {
          "schema_version": 0,
          "attributes": {
            "acl": [],
            "activate": true,
            "active_version": 5,
            "backend": [
              {
                "address": "marginally-top-collie.edgecompute.app",
                "auto_loadbalance": false,
                "between_bytes_timeout": 10000,
                "connect_timeout": 1000,
                "error_threshold": 0,
                "first_byte_timeout": 15000,
                "healthcheck": "",
                "keepalive_time": null,
                "max_conn": 200,
                "max_tls_version": "",
                "min_tls_version": "",
                "name": "Compute Gateway",
                "override_host": "marginally-top-collie.edgecompute.app",
                "port": 443,
                "request_condition": "",
                "share_key": "",
                "shield": "",
                "ssl_ca_cert": "",
                "ssl_cert_hostname": "marginally-top-collie.edgecompute.app",
                "ssl_check_cert": true,
                "ssl_ciphers": "",
                "ssl_client_cert": "",
                "ssl_client_key": "",
                "ssl_sni_hostname": "marginally-top-collie.edgecompute.app",
                "use_ssl": true,
                "weight": 100
              }
            ],
            "cache_setting": [],
            "cloned_version": 5,
            "comment": "Managed by Terraform",
            "condition": [],
            "default_host": "",
            "default_ttl": 3600,
            "dictionary": [
              {
                "dictionary_id": "pZB6d1z3GgxzxGGdCPEeQ6",
                "force_destroy": false,
                "name": "Edge_Security",
                "write_only": false
              }
            ],
            "director": [],
            "domain": [
              {
                "comment": "Frontend VCL Service - NGWAF edge deploy",
                "name": "coolestcars-blog.global.ssl.fastly.net"
              }
            ],
            "dynamicsnippet": [
              {
                "content": "",
                "name": "ngwaf_config_deliver",
                "priority": 9000,
                "snippet_id": "fzUSbF9njHi0vmdRGDq0j2",
                "type": "deliver"
              },
              {
                "content": "",
                "name": "ngwaf_config_init",
                "priority": 0,
                "snippet_id": "tTMp1VC5oJIMLt9xfFTWu6",
                "type": "init"
              },
              {
                "content": "",
                "name": "ngwaf_config_miss",
                "priority": 9000,
                "snippet_id": "kWRdwcSS2xotMJa01qPw62",
                "type": "miss"
              },
              {
                "content": "",
                "name": "ngwaf_config_pass",
                "priority": 9000,
                "snippet_id": "yvhScwoa6VUbJddzIr33l2",
                "type": "pass"
              }
            ],
            "force_destroy": true,
            "force_refresh": false,
            "gzip": [],
            "header": [],
            "healthcheck": [],
            "http3": false,
            "id": "ZdTPWyc8SJyYiwZ42oza24",
            "imported": false,
            "logging_bigquery": [],
            "logging_blobstorage": [],
            "logging_cloudfiles": [],
            "logging_datadog": [],
            "logging_digitalocean": [],
            "logging_elasticsearch": [],
            "logging_ftp": [],
            "logging_gcs": [],
            "logging_googlepubsub": [],
            "logging_heroku": [],
            "logging_honeycomb": [],
            "logging_https": [],
            "logging_kafka": [],
            "logging_kinesis": [],
            "logging_logentries": [],
            "logging_loggly": [],
            "logging_logshuttle": [],
            "logging_newrelic": [],
            "logging_openstack": [],
            "logging_papertrail": [],
            "logging_s3": [],
            "logging_scalyr": [],
            "logging_sftp": [],
            "logging_splunk": [],
            "logging_sumologic": [],
            "logging_syslog": [],
            "name": "Frontend VCL Service - NGWAF edge deploy",
            "product_enablement": [],
            "rate_limiter": [],
            "request_setting": [],
            "response_object": [],
            "reuse": null,
            "snippet": [],
            "stale_if_error": false,
            "stale_if_error_ttl": 43200,
            "vcl": [],
            "version_comment": "",
            "waf": []
          },
          "sensitive_attributes": [],
          "private": "bnVsbA=="
        }
      ]
    },
    {
      "mode": "managed",
      "type": "sigsci_edge_deployment",
      "name": "ngwaf_edge_site_service",
      "provider": "provider[\"registry.terraform.io/signalsciences/sigsci\"]",
      "instances": [
        {
          "schema_version": 0,
          "attributes": {
            "id": "ngwaf_tf",
            "site_short_name": "ngwaf_tf"
          },
          "sensitive_attributes": [],
          "private": "bnVsbA=="
        }
      ]
    },
    {
      "mode": "managed",
      "type": "sigsci_edge_deployment_service",
      "name": "ngwaf_edge_service_link",
      "provider": "provider[\"registry.terraform.io/signalsciences/sigsci\"]",
      "instances": [
        {
          "schema_version": 0,
          "attributes": {
            "activate_version": true,
            "fastly_sid": "ZdTPWyc8SJyYiwZ42oza24",
            "id": "ZdTPWyc8SJyYiwZ42oza24",
            "percent_enabled": 100,
            "site_short_name": "ngwaf_tf"
          },
          "sensitive_attributes": [],
          "private": "bnVsbA==",
          "dependencies": [
            "fastly_service_dictionary_items.edge_security_dictionary_items",
            "fastly_service_dynamic_snippet_content.ngwaf_config_deliver",
            "fastly_service_dynamic_snippet_content.ngwaf_config_init",
            "fastly_service_dynamic_snippet_content.ngwaf_config_miss",
            "fastly_service_dynamic_snippet_content.ngwaf_config_pass",
            "fastly_service_vcl.frontend-vcl-service",
            "sigsci_edge_deployment.ngwaf_edge_site_service"
          ]
        }
      ]
    },
    {
      "mode": "managed",
      "type": "sigsci_edge_deployment_service_backend",
      "name": "ngwaf_edge_service_backend_sync",
      "provider": "provider[\"registry.terraform.io/signalsciences/sigsci\"]",
      "instances": [
        {
          "schema_version": 0,
          "attributes": {
            "fastly_service_vcl_active_version": 5,
            "fastly_sid": "ZdTPWyc8SJyYiwZ42oza24",
            "id": "ZdTPWyc8SJyYiwZ42oza24",
            "site_short_name": "ngwaf_tf"
          },
          "sensitive_attributes": [],
          "private": "bnVsbA==",
          "dependencies": [
            "fastly_service_vcl.frontend-vcl-service",
            "sigsci_edge_deployment_service.ngwaf_edge_service_link"
          ]
        }
      ]
    }
  ],
  "check_results": null
}
